
Microsoft Visual Studio Solution File, Format Version 12.00
# Visual Studio Version 16
VisualStudioVersion = 16.0.29503.13
MinimumVisualStudioVersion = 10.0.40219.1
Project("{9A19103F-16F7-4668-BE54-9A1E7A4F7556}") = "Lesson_1", "Lesson_1\Lesson_1.csproj", "{01BE51C7-A5B8-421F-9BFC-FEA62B4822DE}"
EndProject
Project("{9A19103F-16F7-4668-BE54-9A1E7A4F7556}") = "1_Collections", "1_Collections\1_Collections.csproj", "{D9FC9EA8-E1EF-4668-BF0C-5009342A529F}"
EndProject
Project("{9A19103F-16F7-4668-BE54-9A1E7A4F7556}") = "2_Collections", "2_Collections\2_Collections.csproj", "{72F594EE-FA1C-4C88-AB3A-0DF9F39AE726}"
EndProject
Project("{9A19103F-16F7-4668-BE54-9A1E7A4F7556}") = "3_Generics", "3_Generics\3_Generics.csproj", "{02805391-2BD1-47CA-89A4-06700597DED9}"
EndProject
Project("{9A19103F-16F7-4668-BE54-9A1E7A4F7556}") = "4_Delegates", "4_Delegates\4_Delegates.csproj", "{D881F632-EAF1-45BF-B2AB-C60148768778}"
EndProject
Project("{9A19103F-16F7-4668-BE54-9A1E7A4F7556}") = "5_LINQ", "5_LINQ\5_LINQ.csproj", "{390F0ADA-44A2-4BEA-BDB3-3FAC3D2B0698}"
EndProject
Project("{9A19103F-16F7-4668-BE54-9A1E7A4F7556}") = "6_LINQ_to_SQL", "6_LINQ_to_SQL\6_LINQ_to_SQL.csproj", "{BFC6025E-EF40-4464-827B-EA37278CC482}"
EndProject
Project("{9A19103F-16F7-4668-BE54-9A1E7A4F7556}") = "7_Serialization", "7_Serialization\7_Serialization.csproj", "{F0055859-888F-48F2-8922-F5AEA3B015D4}"
EndProject
Project("{9A19103F-16F7-4668-BE54-9A1E7A4F7556}") = "8_Async", "8_Async\8_Async.csproj", "{1505B795-9DDF-4D9D-B1E5-17F290A49FD3}"
EndProject
Project("{FAE04EC0-301F-11D3-BF4B-00C04F79EFBC}") = "9_Threads", "9_Threads\9_Threads.csproj", "{F10D3976-7881-4507-9723-87C79AE28209}"
EndProject
Global
	GlobalSection(SolutionConfigurationPlatforms) = preSolution
		Debug|Any CPU = Debug|Any CPU
		Release|Any CPU = Release|Any CPU
	EndGlobalSection
	GlobalSection(ProjectConfigurationPlatforms) = postSolution
		{01BE51C7-A5B8-421F-9BFC-FEA62B4822DE}.Debug|Any CPU.ActiveCfg = Debug|Any CPU
		{01BE51C7-A5B8-421F-9BFC-FEA62B4822DE}.Debug|Any CPU.Build.0 = Debug|Any CPU
		{01BE51C7-A5B8-421F-9BFC-FEA62B4822DE}.Release|Any CPU.ActiveCfg = Release|Any CPU
		{01BE51C7-A5B8-421F-9BFC-FEA62B4822DE}.Release|Any CPU.Build.0 = Release|Any CPU
		{D9FC9EA8-E1EF-4668-BF0C-5009342A529F}.Debug|Any CPU.ActiveCfg = Debug|Any CPU
		{D9FC9EA8-E1EF-4668-BF0C-5009342A529F}.Debug|Any CPU.Build.0 = Debug|Any CPU
		{D9FC9EA8-E1EF-4668-BF0C-5009342A529F}.Release|Any CPU.ActiveCfg = Release|Any CPU
		{D9FC9EA8-E1EF-4668-BF0C-5009342A529F}.Release|Any CPU.Build.0 = Release|Any CPU
		{72F594EE-FA1C-4C88-AB3A-0DF9F39AE726}.Debug|Any CPU.ActiveCfg = Debug|Any CPU
		{72F594EE-FA1C-4C88-AB3A-0DF9F39AE726}.Debug|Any CPU.Build.0 = Debug|Any CPU
		{72F594EE-FA1C-4C88-AB3A-0DF9F39AE726}.Release|Any CPU.ActiveCfg = Release|Any CPU
		{72F594EE-FA1C-4C88-AB3A-0DF9F39AE726}.Release|Any CPU.Build.0 = Release|Any CPU
		{02805391-2BD1-47CA-89A4-06700597DED9}.Debug|Any CPU.ActiveCfg = Debug|Any CPU
		{02805391-2BD1-47CA-89A4-06700597DED9}.Debug|Any CPU.Build.0 = Debug|Any CPU
		{02805391-2BD1-47CA-89A4-06700597DED9}.Release|Any CPU.ActiveCfg = Release|Any CPU
		{02805391-2BD1-47CA-89A4-06700597DED9}.Release|Any CPU.Build.0 = Release|Any CPU
		{D881F632-EAF1-45BF-B2AB-C60148768778}.Debug|Any CPU.ActiveCfg = Debug|Any CPU
		{D881F632-EAF1-45BF-B2AB-C60148768778}.Debug|Any CPU.Build.0 = Debug|Any CPU
		{D881F632-EAF1-45BF-B2AB-C60148768778}.Release|Any CPU.ActiveCfg = Release|Any CPU
		{D881F632-EAF1-45BF-B2AB-C60148768778}.Release|Any CPU.Build.0 = Release|Any CPU
		{390F0ADA-44A2-4BEA-BDB3-3FAC3D2B0698}.Debug|Any CPU.ActiveCfg = Debug|Any CPU
		{390F0ADA-44A2-4BEA-BDB3-3FAC3D2B0698}.Debug|Any CPU.Build.0 = Debug|Any CPU
		{390F0ADA-44A2-4BEA-BDB3-3FAC3D2B0698}.Release|Any CPU.ActiveCfg = Release|Any CPU
		{390F0ADA-44A2-4BEA-BDB3-3FAC3D2B0698}.Release|Any CPU.Build.0 = Release|Any CPU
		{BFC6025E-EF40-4464-827B-EA37278CC482}.Debug|Any CPU.ActiveCfg = Debug|Any CPU
		{BFC6025E-EF40-4464-827B-EA37278CC482}.Debug|Any CPU.Build.0 = Debug|Any CPU
		{BFC6025E-EF40-4464-827B-EA37278CC482}.Release|Any CPU.ActiveCfg = Release|Any CPU
		{BFC6025E-EF40-4464-827B-EA37278CC482}.Release|Any CPU.Build.0 = Release|Any CPU
		{F0055859-888F-48F2-8922-F5AEA3B015D4}.Debug|Any CPU.ActiveCfg = Debug|Any CPU
		{F0055859-888F-48F2-8922-F5AEA3B015D4}.Debug|Any CPU.Build.0 = Debug|Any CPU
		{F0055859-888F-48F2-8922-F5AEA3B015D4}.Release|Any CPU.ActiveCfg = Release|Any CPU
		{F0055859-888F-48F2-8922-F5AEA3B015D4}.Release|Any CPU.Build.0 = Release|Any CPU
		{1505B795-9DDF-4D9D-B1E5-17F290A49FD3}.Debug|Any CPU.ActiveCfg = Debug|Any CPU
		{1505B795-9DDF-4D9D-B1E5-17F290A49FD3}.Debug|Any CPU.Build.0 = Debug|Any CPU
		{1505B795-9DDF-4D9D-B1E5-17F290A49FD3}.Release|Any CPU.ActiveCfg = Release|Any CPU
		{1505B795-9DDF-4D9D-B1E5-17F290A49FD3}.Release|Any CPU.Build.0 = Release|Any CPU
		{F10D3976-7881-4507-9723-87C79AE28209}.Debug|Any CPU.ActiveCfg = Debug|Any CPU
		{F10D3976-7881-4507-9723-87C79AE28209}.Debug|Any CPU.Build.0 = Debug|Any CPU
		{F10D3976-7881-4507-9723-87C79AE28209}.Release|Any CPU.ActiveCfg = Release|Any CPU
		{F10D3976-7881-4507-9723-87C79AE28209}.Release|Any CPU.Build.0 = Release|Any CPU
	EndGlobalSection
	GlobalSection(SolutionProperties) = preSolution
		HideSolutionNode = FALSE
	EndGlobalSection
	GlobalSection(ExtensibilityGlobals) = postSolution
		SolutionGuid = {BE3BED32-0CF4-40E7-91BC-E74496332837}
	EndGlobalSection
EndGlobal
