
Microsoft Visual Studio Solution File, Format Version 12.00
# Visual Studio Version 16
VisualStudioVersion = 16.0.29503.13
MinimumVisualStudioVersion = 10.0.40219.1
Project("{9A19103F-16F7-4668-BE54-9A1E7A4F7556}") = "Lesson_1", "Lesson_1\Lesson_1.csproj", "{01BE51C7-A5B8-421F-9BFC-FEA62B4822DE}"
EndProject
Project("{9A19103F-16F7-4668-BE54-9A1E7A4F7556}") = "1_Collections", "1_Collections\1_Collections.csproj", "{D9FC9EA8-E1EF-4668-BF0C-5009342A529F}"
EndProject
Global
	GlobalSection(SolutionConfigurationPlatforms) = preSolution
		Debug|Any CPU = Debug|Any CPU
		Release|Any CPU = Release|Any CPU
	EndGlobalSection
	GlobalSection(ProjectConfigurationPlatforms) = postSolution
		{01BE51C7-A5B8-421F-9BFC-FEA62B4822DE}.Debug|Any CPU.ActiveCfg = Debug|Any CPU
		{01BE51C7-A5B8-421F-9BFC-FEA62B4822DE}.Debug|Any CPU.Build.0 = Debug|Any CPU
		{01BE51C7-A5B8-421F-9BFC-FEA62B4822DE}.Release|Any CPU.ActiveCfg = Release|Any CPU
		{01BE51C7-A5B8-421F-9BFC-FEA62B4822DE}.Release|Any CPU.Build.0 = Release|Any CPU
		{D9FC9EA8-E1EF-4668-BF0C-5009342A529F}.Debug|Any CPU.ActiveCfg = Debug|Any CPU
		{D9FC9EA8-E1EF-4668-BF0C-5009342A529F}.Debug|Any CPU.Build.0 = Debug|Any CPU
		{D9FC9EA8-E1EF-4668-BF0C-5009342A529F}.Release|Any CPU.ActiveCfg = Release|Any CPU
		{D9FC9EA8-E1EF-4668-BF0C-5009342A529F}.Release|Any CPU.Build.0 = Release|Any CPU
	EndGlobalSection
	GlobalSection(SolutionProperties) = preSolution
		HideSolutionNode = FALSE
	EndGlobalSection
	GlobalSection(ExtensibilityGlobals) = postSolution
		SolutionGuid = {BE3BED32-0CF4-40E7-91BC-E74496332837}
	EndGlobalSection
EndGlobal
